// !$*UTF8*$!
{
	archiveVersion = 1;
	classes = {
	};
	objectVersion = 46;
	objects = {

/* Begin PBXBuildFile section */
		2006CA061AF5B3CC0077CC1B /* GameMainSceneController.swift in Sources */ = {isa = PBXBuildFile; fileRef = 2006CA051AF5B3CC0077CC1B /* GameMainSceneController.swift */; };
		2006CA081AF5CFF60077CC1B /* FloorManager.swift in Sources */ = {isa = PBXBuildFile; fileRef = 2006CA071AF5CFF60077CC1B /* FloorManager.swift */; };
		2006CA0C1AF5DECB0077CC1B /* slime0@2x.png in Resources */ = {isa = PBXBuildFile; fileRef = 2006CA0B1AF5DECB0077CC1B /* slime0@2x.png */; };
		2006CA261AF625870077CC1B /* battlestart0@2x.png in Resources */ = {isa = PBXBuildFile; fileRef = 2006CA1E1AF625870077CC1B /* battlestart0@2x.png */; };
		2006CA271AF625870077CC1B /* battlestart1@2x.png in Resources */ = {isa = PBXBuildFile; fileRef = 2006CA1F1AF625870077CC1B /* battlestart1@2x.png */; };
		2006CA281AF625870077CC1B /* battlestart2@2x.png in Resources */ = {isa = PBXBuildFile; fileRef = 2006CA201AF625870077CC1B /* battlestart2@2x.png */; };
		2006CA291AF625870077CC1B /* battlestart3@2x.png in Resources */ = {isa = PBXBuildFile; fileRef = 2006CA211AF625870077CC1B /* battlestart3@2x.png */; };
		2006CA2A1AF625870077CC1B /* battlestart4@2x.png in Resources */ = {isa = PBXBuildFile; fileRef = 2006CA221AF625870077CC1B /* battlestart4@2x.png */; };
		2006CA2B1AF625870077CC1B /* battlestart5@2x.png in Resources */ = {isa = PBXBuildFile; fileRef = 2006CA231AF625870077CC1B /* battlestart5@2x.png */; };
		2006CA2C1AF625870077CC1B /* battlestart6@2x.png in Resources */ = {isa = PBXBuildFile; fileRef = 2006CA241AF625870077CC1B /* battlestart6@2x.png */; };
		2006CA2D1AF625870077CC1B /* battlestart7@2x.png in Resources */ = {isa = PBXBuildFile; fileRef = 2006CA251AF625870077CC1B /* battlestart7@2x.png */; };
		2006D8AE1AED42500071D41C /* TimerManager.swift in Sources */ = {isa = PBXBuildFile; fileRef = 2006D8AD1AED42500071D41C /* TimerManager.swift */; };
		2006D8B11AF0DA410071D41C /* AvatarManager.swift in Sources */ = {isa = PBXBuildFile; fileRef = 2006D8B01AF0DA410071D41C /* AvatarManager.swift */; };
		2006D8B61AF0FC630071D41C /* Avatar.swift in Sources */ = {isa = PBXBuildFile; fileRef = 2006D8B51AF0FC630071D41C /* Avatar.swift */; };
		2006D8B81AF0FCCD0071D41C /* Monster.swift in Sources */ = {isa = PBXBuildFile; fileRef = 2006D8B71AF0FCCD0071D41C /* Monster.swift */; };
		2006D8BA1AF0FCFD0071D41C /* Slime.swift in Sources */ = {isa = PBXBuildFile; fileRef = 2006D8B91AF0FCFD0071D41C /* Slime.swift */; };
		2006D8BC1AF0FE180071D41C /* Hero.swift in Sources */ = {isa = PBXBuildFile; fileRef = 2006D8BB1AF0FE180071D41C /* Hero.swift */; };
		2006D8BE1AF0FE390071D41C /* Warrior.swift in Sources */ = {isa = PBXBuildFile; fileRef = 2006D8BD1AF0FE390071D41C /* Warrior.swift */; };
		204FBC861AF65C7400B5614F /* slime1@2x.png in Resources */ = {isa = PBXBuildFile; fileRef = 204FBC851AF65C7400B5614F /* slime1@2x.png */; };
		204FBC881AF65C7E00B5614F /* warrior4@2x.png in Resources */ = {isa = PBXBuildFile; fileRef = 204FBC871AF65C7E00B5614F /* warrior4@2x.png */; };
		204FBC8E1AF7045400B5614F /* impact0@2x.png in Resources */ = {isa = PBXBuildFile; fileRef = 204FBC891AF7045400B5614F /* impact0@2x.png */; };
		204FBC8F1AF7045400B5614F /* impact1@2x.png in Resources */ = {isa = PBXBuildFile; fileRef = 204FBC8A1AF7045400B5614F /* impact1@2x.png */; };
		204FBC901AF7045400B5614F /* impact2@2x.png in Resources */ = {isa = PBXBuildFile; fileRef = 204FBC8B1AF7045400B5614F /* impact2@2x.png */; };
		204FBC911AF7045400B5614F /* impact3@2x.png in Resources */ = {isa = PBXBuildFile; fileRef = 204FBC8C1AF7045400B5614F /* impact3@2x.png */; };
		204FBC921AF7045400B5614F /* impact4@2x.png in Resources */ = {isa = PBXBuildFile; fileRef = 204FBC8D1AF7045400B5614F /* impact4@2x.png */; };
		204FBC951AF704EC00B5614F /* Effect.swift in Sources */ = {isa = PBXBuildFile; fileRef = 204FBC941AF704EC00B5614F /* Effect.swift */; };
		204FBC971AF7051800B5614F /* ImpactEffect.swift in Sources */ = {isa = PBXBuildFile; fileRef = 204FBC961AF7051800B5614F /* ImpactEffect.swift */; };
		204FBCA31AF7165C00B5614F /* SlashEffect.swift in Sources */ = {isa = PBXBuildFile; fileRef = 204FBCA21AF7165C00B5614F /* SlashEffect.swift */; };
		204FBCA91AF717A600B5614F /* slash0@2x.png in Resources */ = {isa = PBXBuildFile; fileRef = 204FBCA41AF717A600B5614F /* slash0@2x.png */; };
		204FBCAA1AF717A600B5614F /* slash1@2x.png in Resources */ = {isa = PBXBuildFile; fileRef = 204FBCA51AF717A600B5614F /* slash1@2x.png */; };
		204FBCAB1AF717A600B5614F /* slash2@2x.png in Resources */ = {isa = PBXBuildFile; fileRef = 204FBCA61AF717A600B5614F /* slash2@2x.png */; };
		204FBCAC1AF717A600B5614F /* slash3@2x.png in Resources */ = {isa = PBXBuildFile; fileRef = 204FBCA71AF717A600B5614F /* slash3@2x.png */; };
		204FBCAD1AF717A600B5614F /* slash4@2x.png in Resources */ = {isa = PBXBuildFile; fileRef = 204FBCA81AF717A600B5614F /* slash4@2x.png */; };
		2089D0C11AED2FBE00517836 /* RouteUtil.swift in Sources */ = {isa = PBXBuildFile; fileRef = 2089D0C01AED2FBE00517836 /* RouteUtil.swift */; };
		2089D0C31AED2FE500517836 /* DrawUtil.swift in Sources */ = {isa = PBXBuildFile; fileRef = 2089D0C21AED2FE500517836 /* DrawUtil.swift */; };
		2089D0C51AED301300517836 /* Config.swift in Sources */ = {isa = PBXBuildFile; fileRef = 2089D0C41AED301300517836 /* Config.swift */; };
		208C35821AC8295A008F71CC /* AppDelegate.swift in Sources */ = {isa = PBXBuildFile; fileRef = 208C35811AC8295A008F71CC /* AppDelegate.swift */; };
		208C35841AC8295A008F71CC /* ViewController.swift in Sources */ = {isa = PBXBuildFile; fileRef = 208C35831AC8295A008F71CC /* ViewController.swift */; };
		208C35871AC8295A008F71CC /* Main.storyboard in Resources */ = {isa = PBXBuildFile; fileRef = 208C35851AC8295A008F71CC /* Main.storyboard */; };
		208C35891AC8295A008F71CC /* Images.xcassets in Resources */ = {isa = PBXBuildFile; fileRef = 208C35881AC8295A008F71CC /* Images.xcassets */; };
		208C358C1AC8295A008F71CC /* LaunchScreen.xib in Resources */ = {isa = PBXBuildFile; fileRef = 208C358A1AC8295A008F71CC /* LaunchScreen.xib */; };
		208C35981AC8295A008F71CC /* WatchCardGameTests.swift in Sources */ = {isa = PBXBuildFile; fileRef = 208C35971AC8295A008F71CC /* WatchCardGameTests.swift */; };
		208C35AB1AC82A34008F71CC /* InterfaceController.swift in Sources */ = {isa = PBXBuildFile; fileRef = 208C35AA1AC82A34008F71CC /* InterfaceController.swift */; };
		208C35AD1AC82A34008F71CC /* NotificationController.swift in Sources */ = {isa = PBXBuildFile; fileRef = 208C35AC1AC82A34008F71CC /* NotificationController.swift */; };
		208C35AF1AC82A34008F71CC /* Images.xcassets in Resources */ = {isa = PBXBuildFile; fileRef = 208C35AE1AC82A34008F71CC /* Images.xcassets */; };
		208C35B31AC82A34008F71CC /* WatchCardGame WatchKit App.app in Resources */ = {isa = PBXBuildFile; fileRef = 208C35B21AC82A34008F71CC /* WatchCardGame WatchKit App.app */; };
		208C35BB1AC82A34008F71CC /* Interface.storyboard in Resources */ = {isa = PBXBuildFile; fileRef = 208C35B91AC82A34008F71CC /* Interface.storyboard */; };
		208C35BD1AC82A34008F71CC /* Images.xcassets in Resources */ = {isa = PBXBuildFile; fileRef = 208C35BC1AC82A34008F71CC /* Images.xcassets */; };
		208C35C01AC82A34008F71CC /* WatchCardGame WatchKit Extension.appex in Embed App Extensions */ = {isa = PBXBuildFile; fileRef = 208C35A51AC82A34008F71CC /* WatchCardGame WatchKit Extension.appex */; settings = {ATTRIBUTES = (RemoveHeadersOnCopy, ); }; };
		20FCA5CA1AECF46C008E7018 /* slime@2px.png in Resources */ = {isa = PBXBuildFile; fileRef = 20FCA5C91AECF46C008E7018 /* slime@2px.png */; };
		20FCA5CF1AECF47B008E7018 /* warrior0@2x.png in Resources */ = {isa = PBXBuildFile; fileRef = 20FCA5CB1AECF47B008E7018 /* warrior0@2x.png */; };
		20FCA5D01AECF47B008E7018 /* warrior1@2x.png in Resources */ = {isa = PBXBuildFile; fileRef = 20FCA5CC1AECF47B008E7018 /* warrior1@2x.png */; };
		20FCA5D11AECF47B008E7018 /* warrior2@2x.png in Resources */ = {isa = PBXBuildFile; fileRef = 20FCA5CD1AECF47B008E7018 /* warrior2@2x.png */; };
		20FCA5D21AECF47B008E7018 /* warrior3@2x.png in Resources */ = {isa = PBXBuildFile; fileRef = 20FCA5CE1AECF47B008E7018 /* warrior3@2x.png */; };
		20FCA5D41AECF48E008E7018 /* floor_bg@2x.png in Resources */ = {isa = PBXBuildFile; fileRef = 20FCA5D31AECF48E008E7018 /* floor_bg@2x.png */; };
		20FCA5DC1AED2DAD008E7018 /* floor_origin@2x.png in Resources */ = {isa = PBXBuildFile; fileRef = 20FCA5DB1AED2DAD008E7018 /* floor_origin@2x.png */; };
/* End PBXBuildFile section */

/* Begin PBXContainerItemProxy section */
		208C35921AC8295A008F71CC /* PBXContainerItemProxy */ = {
			isa = PBXContainerItemProxy;
			containerPortal = 208C35741AC8295A008F71CC /* Project object */;
			proxyType = 1;
			remoteGlobalIDString = 208C357B1AC8295A008F71CC;
			remoteInfo = WatchCardGame;
		};
		208C35B41AC82A34008F71CC /* PBXContainerItemProxy */ = {
			isa = PBXContainerItemProxy;
			containerPortal = 208C35741AC8295A008F71CC /* Project object */;
			proxyType = 1;
			remoteGlobalIDString = 208C35B11AC82A34008F71CC;
			remoteInfo = "WatchCardGame WatchKit App";
		};
		208C35BE1AC82A34008F71CC /* PBXContainerItemProxy */ = {
			isa = PBXContainerItemProxy;
			containerPortal = 208C35741AC8295A008F71CC /* Project object */;
			proxyType = 1;
			remoteGlobalIDString = 208C35A41AC82A34008F71CC;
			remoteInfo = "WatchCardGame WatchKit Extension";
		};
/* End PBXContainerItemProxy section */

/* Begin PBXCopyFilesBuildPhase section */
		208C35C71AC82A35008F71CC /* Embed App Extensions */ = {
			isa = PBXCopyFilesBuildPhase;
			buildActionMask = 2147483647;
			dstPath = "";
			dstSubfolderSpec = 13;
			files = (
				208C35C01AC82A34008F71CC /* WatchCardGame WatchKit Extension.appex in Embed App Extensions */,
			);
			name = "Embed App Extensions";
			runOnlyForDeploymentPostprocessing = 0;
		};
/* End PBXCopyFilesBuildPhase section */

/* Begin PBXFileReference section */
		2006CA051AF5B3CC0077CC1B /* GameMainSceneController.swift */ = {isa = PBXFileReference; fileEncoding = 4; lastKnownFileType = sourcecode.swift; path = GameMainSceneController.swift; sourceTree = "<group>"; };
		2006CA071AF5CFF60077CC1B /* FloorManager.swift */ = {isa = PBXFileReference; fileEncoding = 4; lastKnownFileType = sourcecode.swift; path = FloorManager.swift; sourceTree = "<group>"; };
		2006CA0B1AF5DECB0077CC1B /* slime0@2x.png */ = {isa = PBXFileReference; lastKnownFileType = image.png; path = "slime0@2x.png"; sourceTree = "<group>"; };
		2006CA1E1AF625870077CC1B /* battlestart0@2x.png */ = {isa = PBXFileReference; lastKnownFileType = image.png; path = "battlestart0@2x.png"; sourceTree = "<group>"; };
		2006CA1F1AF625870077CC1B /* battlestart1@2x.png */ = {isa = PBXFileReference; lastKnownFileType = image.png; path = "battlestart1@2x.png"; sourceTree = "<group>"; };
		2006CA201AF625870077CC1B /* battlestart2@2x.png */ = {isa = PBXFileReference; lastKnownFileType = image.png; path = "battlestart2@2x.png"; sourceTree = "<group>"; };
		2006CA211AF625870077CC1B /* battlestart3@2x.png */ = {isa = PBXFileReference; lastKnownFileType = image.png; path = "battlestart3@2x.png"; sourceTree = "<group>"; };
		2006CA221AF625870077CC1B /* battlestart4@2x.png */ = {isa = PBXFileReference; lastKnownFileType = image.png; path = "battlestart4@2x.png"; sourceTree = "<group>"; };
		2006CA231AF625870077CC1B /* battlestart5@2x.png */ = {isa = PBXFileReference; lastKnownFileType = image.png; path = "battlestart5@2x.png"; sourceTree = "<group>"; };
		2006CA241AF625870077CC1B /* battlestart6@2x.png */ = {isa = PBXFileReference; lastKnownFileType = image.png; path = "battlestart6@2x.png"; sourceTree = "<group>"; };
		2006CA251AF625870077CC1B /* battlestart7@2x.png */ = {isa = PBXFileReference; lastKnownFileType = image.png; path = "battlestart7@2x.png"; sourceTree = "<group>"; };
		2006D8AD1AED42500071D41C /* TimerManager.swift */ = {isa = PBXFileReference; fileEncoding = 4; lastKnownFileType = sourcecode.swift; path = TimerManager.swift; sourceTree = "<group>"; };
		2006D8B01AF0DA410071D41C /* AvatarManager.swift */ = {isa = PBXFileReference; fileEncoding = 4; lastKnownFileType = sourcecode.swift; path = AvatarManager.swift; sourceTree = "<group>"; };
		2006D8B51AF0FC630071D41C /* Avatar.swift */ = {isa = PBXFileReference; fileEncoding = 4; lastKnownFileType = sourcecode.swift; path = Avatar.swift; sourceTree = "<group>"; };
		2006D8B71AF0FCCD0071D41C /* Monster.swift */ = {isa = PBXFileReference; fileEncoding = 4; lastKnownFileType = sourcecode.swift; path = Monster.swift; sourceTree = "<group>"; };
		2006D8B91AF0FCFD0071D41C /* Slime.swift */ = {isa = PBXFileReference; fileEncoding = 4; lastKnownFileType = sourcecode.swift; path = Slime.swift; sourceTree = "<group>"; };
		2006D8BB1AF0FE180071D41C /* Hero.swift */ = {isa = PBXFileReference; fileEncoding = 4; lastKnownFileType = sourcecode.swift; path = Hero.swift; sourceTree = "<group>"; };
		2006D8BD1AF0FE390071D41C /* Warrior.swift */ = {isa = PBXFileReference; fileEncoding = 4; lastKnownFileType = sourcecode.swift; path = Warrior.swift; sourceTree = "<group>"; };
		204FBC851AF65C7400B5614F /* slime1@2x.png */ = {isa = PBXFileReference; lastKnownFileType = image.png; path = "slime1@2x.png"; sourceTree = "<group>"; };
		204FBC871AF65C7E00B5614F /* warrior4@2x.png */ = {isa = PBXFileReference; lastKnownFileType = image.png; path = "warrior4@2x.png"; sourceTree = "<group>"; };
		204FBC891AF7045400B5614F /* impact0@2x.png */ = {isa = PBXFileReference; lastKnownFileType = image.png; path = "impact0@2x.png"; sourceTree = "<group>"; };
		204FBC8A1AF7045400B5614F /* impact1@2x.png */ = {isa = PBXFileReference; lastKnownFileType = image.png; path = "impact1@2x.png"; sourceTree = "<group>"; };
		204FBC8B1AF7045400B5614F /* impact2@2x.png */ = {isa = PBXFileReference; lastKnownFileType = image.png; path = "impact2@2x.png"; sourceTree = "<group>"; };
		204FBC8C1AF7045400B5614F /* impact3@2x.png */ = {isa = PBXFileReference; lastKnownFileType = image.png; path = "impact3@2x.png"; sourceTree = "<group>"; };
		204FBC8D1AF7045400B5614F /* impact4@2x.png */ = {isa = PBXFileReference; lastKnownFileType = image.png; path = "impact4@2x.png"; sourceTree = "<group>"; };
		204FBC941AF704EC00B5614F /* Effect.swift */ = {isa = PBXFileReference; fileEncoding = 4; lastKnownFileType = sourcecode.swift; path = Effect.swift; sourceTree = "<group>"; };
		204FBC961AF7051800B5614F /* ImpactEffect.swift */ = {isa = PBXFileReference; fileEncoding = 4; lastKnownFileType = sourcecode.swift; path = ImpactEffect.swift; sourceTree = "<group>"; };
		204FBCA21AF7165C00B5614F /* SlashEffect.swift */ = {isa = PBXFileReference; fileEncoding = 4; lastKnownFileType = sourcecode.swift; path = SlashEffect.swift; sourceTree = "<group>"; };
		204FBCA41AF717A600B5614F /* slash0@2x.png */ = {isa = PBXFileReference; lastKnownFileType = image.png; path = "slash0@2x.png"; sourceTree = "<group>"; };
		204FBCA51AF717A600B5614F /* slash1@2x.png */ = {isa = PBXFileReference; lastKnownFileType = image.png; path = "slash1@2x.png"; sourceTree = "<group>"; };
		204FBCA61AF717A600B5614F /* slash2@2x.png */ = {isa = PBXFileReference; lastKnownFileType = image.png; path = "slash2@2x.png"; sourceTree = "<group>"; };
		204FBCA71AF717A600B5614F /* slash3@2x.png */ = {isa = PBXFileReference; lastKnownFileType = image.png; path = "slash3@2x.png"; sourceTree = "<group>"; };
		204FBCA81AF717A600B5614F /* slash4@2x.png */ = {isa = PBXFileReference; lastKnownFileType = image.png; path = "slash4@2x.png"; sourceTree = "<group>"; };
		2089D0C01AED2FBE00517836 /* RouteUtil.swift */ = {isa = PBXFileReference; fileEncoding = 4; lastKnownFileType = sourcecode.swift; path = RouteUtil.swift; sourceTree = "<group>"; };
		2089D0C21AED2FE500517836 /* DrawUtil.swift */ = {isa = PBXFileReference; fileEncoding = 4; lastKnownFileType = sourcecode.swift; path = DrawUtil.swift; sourceTree = "<group>"; };
		2089D0C41AED301300517836 /* Config.swift */ = {isa = PBXFileReference; fileEncoding = 4; lastKnownFileType = sourcecode.swift; path = Config.swift; sourceTree = "<group>"; };
		208C357C1AC8295A008F71CC /* WatchCardGame.app */ = {isa = PBXFileReference; explicitFileType = wrapper.application; includeInIndex = 0; path = WatchCardGame.app; sourceTree = BUILT_PRODUCTS_DIR; };
		208C35801AC8295A008F71CC /* Info.plist */ = {isa = PBXFileReference; lastKnownFileType = text.plist.xml; path = Info.plist; sourceTree = "<group>"; };
		208C35811AC8295A008F71CC /* AppDelegate.swift */ = {isa = PBXFileReference; lastKnownFileType = sourcecode.swift; path = AppDelegate.swift; sourceTree = "<group>"; };
		208C35831AC8295A008F71CC /* ViewController.swift */ = {isa = PBXFileReference; lastKnownFileType = sourcecode.swift; path = ViewController.swift; sourceTree = "<group>"; };
		208C35861AC8295A008F71CC /* Base */ = {isa = PBXFileReference; lastKnownFileType = file.storyboard; name = Base; path = Base.lproj/Main.storyboard; sourceTree = "<group>"; };
		208C35881AC8295A008F71CC /* Images.xcassets */ = {isa = PBXFileReference; lastKnownFileType = folder.assetcatalog; path = Images.xcassets; sourceTree = "<group>"; };
		208C358B1AC8295A008F71CC /* Base */ = {isa = PBXFileReference; lastKnownFileType = file.xib; name = Base; path = Base.lproj/LaunchScreen.xib; sourceTree = "<group>"; };
		208C35911AC8295A008F71CC /* WatchCardGameTests.xctest */ = {isa = PBXFileReference; explicitFileType = wrapper.cfbundle; includeInIndex = 0; path = WatchCardGameTests.xctest; sourceTree = BUILT_PRODUCTS_DIR; };
		208C35961AC8295A008F71CC /* Info.plist */ = {isa = PBXFileReference; lastKnownFileType = text.plist.xml; path = Info.plist; sourceTree = "<group>"; };
		208C35971AC8295A008F71CC /* WatchCardGameTests.swift */ = {isa = PBXFileReference; lastKnownFileType = sourcecode.swift; path = WatchCardGameTests.swift; sourceTree = "<group>"; };
		208C35A51AC82A34008F71CC /* WatchCardGame WatchKit Extension.appex */ = {isa = PBXFileReference; explicitFileType = "wrapper.app-extension"; includeInIndex = 0; path = "WatchCardGame WatchKit Extension.appex"; sourceTree = BUILT_PRODUCTS_DIR; };
		208C35A81AC82A34008F71CC /* Info.plist */ = {isa = PBXFileReference; lastKnownFileType = text.plist.xml; path = Info.plist; sourceTree = "<group>"; };
		208C35A91AC82A34008F71CC /* PushNotificationPayload.apns */ = {isa = PBXFileReference; lastKnownFileType = text; path = PushNotificationPayload.apns; sourceTree = "<group>"; };
		208C35AA1AC82A34008F71CC /* InterfaceController.swift */ = {isa = PBXFileReference; lastKnownFileType = sourcecode.swift; path = InterfaceController.swift; sourceTree = "<group>"; };
		208C35AC1AC82A34008F71CC /* NotificationController.swift */ = {isa = PBXFileReference; lastKnownFileType = sourcecode.swift; path = NotificationController.swift; sourceTree = "<group>"; };
		208C35AE1AC82A34008F71CC /* Images.xcassets */ = {isa = PBXFileReference; lastKnownFileType = folder.assetcatalog; path = Images.xcassets; sourceTree = "<group>"; };
		208C35B21AC82A34008F71CC /* WatchCardGame WatchKit App.app */ = {isa = PBXFileReference; explicitFileType = wrapper.application; includeInIndex = 0; path = "WatchCardGame WatchKit App.app"; sourceTree = BUILT_PRODUCTS_DIR; };
		208C35B81AC82A34008F71CC /* Info.plist */ = {isa = PBXFileReference; lastKnownFileType = text.plist.xml; path = Info.plist; sourceTree = "<group>"; };
		208C35BA1AC82A34008F71CC /* Base */ = {isa = PBXFileReference; lastKnownFileType = file.storyboard; name = Base; path = Base.lproj/Interface.storyboard; sourceTree = "<group>"; };
		208C35BC1AC82A34008F71CC /* Images.xcassets */ = {isa = PBXFileReference; lastKnownFileType = folder.assetcatalog; path = Images.xcassets; sourceTree = "<group>"; };
		20FCA5C91AECF46C008E7018 /* slime@2px.png */ = {isa = PBXFileReference; lastKnownFileType = image.png; path = "slime@2px.png"; sourceTree = "<group>"; };
		20FCA5CB1AECF47B008E7018 /* warrior0@2x.png */ = {isa = PBXFileReference; lastKnownFileType = image.png; path = "warrior0@2x.png"; sourceTree = "<group>"; };
		20FCA5CC1AECF47B008E7018 /* warrior1@2x.png */ = {isa = PBXFileReference; lastKnownFileType = image.png; path = "warrior1@2x.png"; sourceTree = "<group>"; };
		20FCA5CD1AECF47B008E7018 /* warrior2@2x.png */ = {isa = PBXFileReference; lastKnownFileType = image.png; path = "warrior2@2x.png"; sourceTree = "<group>"; };
		20FCA5CE1AECF47B008E7018 /* warrior3@2x.png */ = {isa = PBXFileReference; lastKnownFileType = image.png; path = "warrior3@2x.png"; sourceTree = "<group>"; };
		20FCA5D31AECF48E008E7018 /* floor_bg@2x.png */ = {isa = PBXFileReference; lastKnownFileType = image.png; path = "floor_bg@2x.png"; sourceTree = "<group>"; };
		20FCA5DB1AED2DAD008E7018 /* floor_origin@2x.png */ = {isa = PBXFileReference; lastKnownFileType = image.png; path = "floor_origin@2x.png"; sourceTree = "<group>"; };
/* End PBXFileReference section */

/* Begin PBXFrameworksBuildPhase section */
		208C35791AC8295A008F71CC /* Frameworks */ = {
			isa = PBXFrameworksBuildPhase;
			buildActionMask = 2147483647;
			files = (
			);
			runOnlyForDeploymentPostprocessing = 0;
		};
		208C358E1AC8295A008F71CC /* Frameworks */ = {
			isa = PBXFrameworksBuildPhase;
			buildActionMask = 2147483647;
			files = (
			);
			runOnlyForDeploymentPostprocessing = 0;
		};
		208C35A21AC82A34008F71CC /* Frameworks */ = {
			isa = PBXFrameworksBuildPhase;
			buildActionMask = 2147483647;
			files = (
			);
			runOnlyForDeploymentPostprocessing = 0;
		};
/* End PBXFrameworksBuildPhase section */

/* Begin PBXGroup section */
		2006CA0D1AF620210077CC1B /* effect */ = {
			isa = PBXGroup;
			children = (
				204FBCA41AF717A600B5614F /* slash0@2x.png */,
				204FBCA51AF717A600B5614F /* slash1@2x.png */,
				204FBCA61AF717A600B5614F /* slash2@2x.png */,
				204FBCA71AF717A600B5614F /* slash3@2x.png */,
				204FBCA81AF717A600B5614F /* slash4@2x.png */,
				204FBC891AF7045400B5614F /* impact0@2x.png */,
				204FBC8A1AF7045400B5614F /* impact1@2x.png */,
				204FBC8B1AF7045400B5614F /* impact2@2x.png */,
				204FBC8C1AF7045400B5614F /* impact3@2x.png */,
				204FBC8D1AF7045400B5614F /* impact4@2x.png */,
				2006CA1E1AF625870077CC1B /* battlestart0@2x.png */,
				2006CA1F1AF625870077CC1B /* battlestart1@2x.png */,
				2006CA201AF625870077CC1B /* battlestart2@2x.png */,
				2006CA211AF625870077CC1B /* battlestart3@2x.png */,
				2006CA221AF625870077CC1B /* battlestart4@2x.png */,
				2006CA231AF625870077CC1B /* battlestart5@2x.png */,
				2006CA241AF625870077CC1B /* battlestart6@2x.png */,
				2006CA251AF625870077CC1B /* battlestart7@2x.png */,
			);
			path = effect;
			sourceTree = "<group>";
		};
		2006D8AF1AF0DA290071D41C /* Manager */ = {
			isa = PBXGroup;
			children = (
				2006D8B01AF0DA410071D41C /* AvatarManager.swift */,
				2006CA071AF5CFF60077CC1B /* FloorManager.swift */,
			);
			path = Manager;
			sourceTree = "<group>";
		};
		2006D8B41AF0FC3B0071D41C /* Avatar */ = {
			isa = PBXGroup;
			children = (
				2006D8B51AF0FC630071D41C /* Avatar.swift */,
				2006D8BD1AF0FE390071D41C /* Warrior.swift */,
				2006D8BB1AF0FE180071D41C /* Hero.swift */,
				2006D8B71AF0FCCD0071D41C /* Monster.swift */,
				2006D8B91AF0FCFD0071D41C /* Slime.swift */,
			);
			path = Avatar;
			sourceTree = "<group>";
		};
		204FBC931AF704CC00B5614F /* Effect */ = {
			isa = PBXGroup;
			children = (
				204FBC941AF704EC00B5614F /* Effect.swift */,
				204FBC961AF7051800B5614F /* ImpactEffect.swift */,
				204FBCA21AF7165C00B5614F /* SlashEffect.swift */,
			);
			path = Effect;
			sourceTree = "<group>";
		};
		208C35731AC8295A008F71CC = {
			isa = PBXGroup;
			children = (
				208C357E1AC8295A008F71CC /* WatchCardGame */,
				208C35941AC8295A008F71CC /* WatchCardGameTests */,
				208C35A61AC82A34008F71CC /* WatchCardGame WatchKit Extension */,
				208C35B61AC82A34008F71CC /* WatchCardGame WatchKit App */,
				208C357D1AC8295A008F71CC /* Products */,
			);
			sourceTree = "<group>";
		};
		208C357D1AC8295A008F71CC /* Products */ = {
			isa = PBXGroup;
			children = (
				208C357C1AC8295A008F71CC /* WatchCardGame.app */,
				208C35911AC8295A008F71CC /* WatchCardGameTests.xctest */,
				208C35A51AC82A34008F71CC /* WatchCardGame WatchKit Extension.appex */,
				208C35B21AC82A34008F71CC /* WatchCardGame WatchKit App.app */,
			);
			name = Products;
			sourceTree = "<group>";
		};
		208C357E1AC8295A008F71CC /* WatchCardGame */ = {
			isa = PBXGroup;
			children = (
				208C35811AC8295A008F71CC /* AppDelegate.swift */,
				208C35831AC8295A008F71CC /* ViewController.swift */,
				208C35851AC8295A008F71CC /* Main.storyboard */,
				208C35881AC8295A008F71CC /* Images.xcassets */,
				208C358A1AC8295A008F71CC /* LaunchScreen.xib */,
				208C357F1AC8295A008F71CC /* Supporting Files */,
			);
			path = WatchCardGame;
			sourceTree = "<group>";
		};
		208C357F1AC8295A008F71CC /* Supporting Files */ = {
			isa = PBXGroup;
			children = (
				208C35801AC8295A008F71CC /* Info.plist */,
			);
			name = "Supporting Files";
			sourceTree = "<group>";
		};
		208C35941AC8295A008F71CC /* WatchCardGameTests */ = {
			isa = PBXGroup;
			children = (
				208C35971AC8295A008F71CC /* WatchCardGameTests.swift */,
				208C35951AC8295A008F71CC /* Supporting Files */,
			);
			path = WatchCardGameTests;
			sourceTree = "<group>";
		};
		208C35951AC8295A008F71CC /* Supporting Files */ = {
			isa = PBXGroup;
			children = (
				208C35961AC8295A008F71CC /* Info.plist */,
			);
			name = "Supporting Files";
			sourceTree = "<group>";
		};
		208C35A61AC82A34008F71CC /* WatchCardGame WatchKit Extension */ = {
			isa = PBXGroup;
			children = (
				204FBC931AF704CC00B5614F /* Effect */,
				2006D8B41AF0FC3B0071D41C /* Avatar */,
				2006D8AF1AF0DA290071D41C /* Manager */,
				20FCA5DE1AED2E76008E7018 /* Config */,
				20FCA5DD1AED2E5A008E7018 /* Util */,
				20F7D76C1AE3AF5000C96C87 /* Assets */,
				208C35AA1AC82A34008F71CC /* InterfaceController.swift */,
				2006CA051AF5B3CC0077CC1B /* GameMainSceneController.swift */,
				208C35AC1AC82A34008F71CC /* NotificationController.swift */,
				208C35AE1AC82A34008F71CC /* Images.xcassets */,
				208C35A71AC82A34008F71CC /* Supporting Files */,
			);
			path = "WatchCardGame WatchKit Extension";
			sourceTree = "<group>";
		};
		208C35A71AC82A34008F71CC /* Supporting Files */ = {
			isa = PBXGroup;
			children = (
				208C35A81AC82A34008F71CC /* Info.plist */,
				208C35A91AC82A34008F71CC /* PushNotificationPayload.apns */,
			);
			name = "Supporting Files";
			sourceTree = "<group>";
		};
		208C35B61AC82A34008F71CC /* WatchCardGame WatchKit App */ = {
			isa = PBXGroup;
			children = (
				208C35C81AE28818008F71CC /* Assets */,
				208C35B91AC82A34008F71CC /* Interface.storyboard */,
				208C35B71AC82A34008F71CC /* Supporting Files */,
			);
			path = "WatchCardGame WatchKit App";
			sourceTree = "<group>";
		};
		208C35B71AC82A34008F71CC /* Supporting Files */ = {
			isa = PBXGroup;
			children = (
				208C35BC1AC82A34008F71CC /* Images.xcassets */,
				208C35B81AC82A34008F71CC /* Info.plist */,
			);
			name = "Supporting Files";
			sourceTree = "<group>";
		};
		208C35C81AE28818008F71CC /* Assets */ = {
			isa = PBXGroup;
			children = (
				20FCA5D31AECF48E008E7018 /* floor_bg@2x.png */,
			);
			path = Assets;
			sourceTree = "<group>";
		};
		20F7D76C1AE3AF5000C96C87 /* Assets */ = {
			isa = PBXGroup;
			children = (
				2006CA0D1AF620210077CC1B /* effect */,
				20FCA5DB1AED2DAD008E7018 /* floor_origin@2x.png */,
				20FCA5C81AECF44E008E7018 /* avator */,
				20FCA5C71AECF3C7008E7018 /* monster */,
			);
			name = Assets;
			path = ../Assets;
			sourceTree = "<group>";
		};
		20FCA5C71AECF3C7008E7018 /* monster */ = {
			isa = PBXGroup;
			children = (
				204FBC851AF65C7400B5614F /* slime1@2x.png */,
				2006CA0B1AF5DECB0077CC1B /* slime0@2x.png */,
				20FCA5C91AECF46C008E7018 /* slime@2px.png */,
			);
			path = monster;
			sourceTree = "<group>";
		};
		20FCA5C81AECF44E008E7018 /* avator */ = {
			isa = PBXGroup;
			children = (
				204FBC871AF65C7E00B5614F /* warrior4@2x.png */,
				20FCA5CB1AECF47B008E7018 /* warrior0@2x.png */,
				20FCA5CC1AECF47B008E7018 /* warrior1@2x.png */,
				20FCA5CD1AECF47B008E7018 /* warrior2@2x.png */,
				20FCA5CE1AECF47B008E7018 /* warrior3@2x.png */,
			);
			path = avator;
			sourceTree = "<group>";
		};
		20FCA5DD1AED2E5A008E7018 /* Util */ = {
			isa = PBXGroup;
			children = (
				2089D0C01AED2FBE00517836 /* RouteUtil.swift */,
				2089D0C21AED2FE500517836 /* DrawUtil.swift */,
				2006D8AD1AED42500071D41C /* TimerManager.swift */,
			);
			path = Util;
			sourceTree = "<group>";
		};
		20FCA5DE1AED2E76008E7018 /* Config */ = {
			isa = PBXGroup;
			children = (
				2089D0C41AED301300517836 /* Config.swift */,
			);
			path = Config;
			sourceTree = "<group>";
		};
/* End PBXGroup section */

/* Begin PBXNativeTarget section */
		208C357B1AC8295A008F71CC /* WatchCardGame */ = {
			isa = PBXNativeTarget;
			buildConfigurationList = 208C359B1AC8295A008F71CC /* Build configuration list for PBXNativeTarget "WatchCardGame" */;
			buildPhases = (
				208C35781AC8295A008F71CC /* Sources */,
				208C35791AC8295A008F71CC /* Frameworks */,
				208C357A1AC8295A008F71CC /* Resources */,
				208C35C71AC82A35008F71CC /* Embed App Extensions */,
			);
			buildRules = (
			);
			dependencies = (
				208C35BF1AC82A34008F71CC /* PBXTargetDependency */,
			);
			name = WatchCardGame;
			productName = WatchCardGame;
			productReference = 208C357C1AC8295A008F71CC /* WatchCardGame.app */;
			productType = "com.apple.product-type.application";
		};
		208C35901AC8295A008F71CC /* WatchCardGameTests */ = {
			isa = PBXNativeTarget;
			buildConfigurationList = 208C359E1AC8295A008F71CC /* Build configuration list for PBXNativeTarget "WatchCardGameTests" */;
			buildPhases = (
				208C358D1AC8295A008F71CC /* Sources */,
				208C358E1AC8295A008F71CC /* Frameworks */,
				208C358F1AC8295A008F71CC /* Resources */,
			);
			buildRules = (
			);
			dependencies = (
				208C35931AC8295A008F71CC /* PBXTargetDependency */,
			);
			name = WatchCardGameTests;
			productName = WatchCardGameTests;
			productReference = 208C35911AC8295A008F71CC /* WatchCardGameTests.xctest */;
			productType = "com.apple.product-type.bundle.unit-test";
		};
		208C35A41AC82A34008F71CC /* WatchCardGame WatchKit Extension */ = {
			isa = PBXNativeTarget;
			buildConfigurationList = 208C35C41AC82A35008F71CC /* Build configuration list for PBXNativeTarget "WatchCardGame WatchKit Extension" */;
			buildPhases = (
				208C35A11AC82A34008F71CC /* Sources */,
				208C35A21AC82A34008F71CC /* Frameworks */,
				208C35A31AC82A34008F71CC /* Resources */,
			);
			buildRules = (
			);
			dependencies = (
				208C35B51AC82A34008F71CC /* PBXTargetDependency */,
			);
			name = "WatchCardGame WatchKit Extension";
			productName = "WatchCardGame WatchKit Extension";
			productReference = 208C35A51AC82A34008F71CC /* WatchCardGame WatchKit Extension.appex */;
			productType = "com.apple.product-type.watchkit-extension";
		};
		208C35B11AC82A34008F71CC /* WatchCardGame WatchKit App */ = {
			isa = PBXNativeTarget;
			buildConfigurationList = 208C35C11AC82A35008F71CC /* Build configuration list for PBXNativeTarget "WatchCardGame WatchKit App" */;
			buildPhases = (
				208C35B01AC82A34008F71CC /* Resources */,
			);
			buildRules = (
			);
			dependencies = (
			);
			name = "WatchCardGame WatchKit App";
			productName = "WatchCardGame WatchKit App";
			productReference = 208C35B21AC82A34008F71CC /* WatchCardGame WatchKit App.app */;
			productType = "com.apple.product-type.application.watchapp";
		};
/* End PBXNativeTarget section */

/* Begin PBXProject section */
		208C35741AC8295A008F71CC /* Project object */ = {
			isa = PBXProject;
			attributes = {
				LastUpgradeCheck = 0620;
				ORGANIZATIONNAME = "Yu Yokoyama";
				TargetAttributes = {
					208C357B1AC8295A008F71CC = {
						CreatedOnToolsVersion = 6.2;
						DevelopmentTeam = 654RUZ9SAH;
					};
					208C35901AC8295A008F71CC = {
						CreatedOnToolsVersion = 6.2;
						TestTargetID = 208C357B1AC8295A008F71CC;
					};
					208C35A41AC82A34008F71CC = {
						CreatedOnToolsVersion = 6.2;
						DevelopmentTeam = 654RUZ9SAH;
					};
					208C35B11AC82A34008F71CC = {
						CreatedOnToolsVersion = 6.2;
						DevelopmentTeam = 654RUZ9SAH;
					};
				};
			};
			buildConfigurationList = 208C35771AC8295A008F71CC /* Build configuration list for PBXProject "WatchCardGame" */;
			compatibilityVersion = "Xcode 3.2";
			developmentRegion = English;
			hasScannedForEncodings = 0;
			knownRegions = (
				en,
				Base,
			);
			mainGroup = 208C35731AC8295A008F71CC;
			productRefGroup = 208C357D1AC8295A008F71CC /* Products */;
			projectDirPath = "";
			projectRoot = "";
			targets = (
				208C357B1AC8295A008F71CC /* WatchCardGame */,
				208C35901AC8295A008F71CC /* WatchCardGameTests */,
				208C35A41AC82A34008F71CC /* WatchCardGame WatchKit Extension */,
				208C35B11AC82A34008F71CC /* WatchCardGame WatchKit App */,
			);
		};
/* End PBXProject section */

/* Begin PBXResourcesBuildPhase section */
		208C357A1AC8295A008F71CC /* Resources */ = {
			isa = PBXResourcesBuildPhase;
			buildActionMask = 2147483647;
			files = (
				208C35871AC8295A008F71CC /* Main.storyboard in Resources */,
				208C358C1AC8295A008F71CC /* LaunchScreen.xib in Resources */,
				208C35891AC8295A008F71CC /* Images.xcassets in Resources */,
			);
			runOnlyForDeploymentPostprocessing = 0;
		};
		208C358F1AC8295A008F71CC /* Resources */ = {
			isa = PBXResourcesBuildPhase;
			buildActionMask = 2147483647;
			files = (
			);
			runOnlyForDeploymentPostprocessing = 0;
		};
		208C35A31AC82A34008F71CC /* Resources */ = {
			isa = PBXResourcesBuildPhase;
			buildActionMask = 2147483647;
			files = (
				2006CA261AF625870077CC1B /* battlestart0@2x.png in Resources */,
				204FBCAD1AF717A600B5614F /* slash4@2x.png in Resources */,
				204FBC881AF65C7E00B5614F /* warrior4@2x.png in Resources */,
				2006CA291AF625870077CC1B /* battlestart3@2x.png in Resources */,
				204FBCAB1AF717A600B5614F /* slash2@2x.png in Resources */,
				204FBC8F1AF7045400B5614F /* impact1@2x.png in Resources */,
				20FCA5D11AECF47B008E7018 /* warrior2@2x.png in Resources */,
				2006CA281AF625870077CC1B /* battlestart2@2x.png in Resources */,
				20FCA5DC1AED2DAD008E7018 /* floor_origin@2x.png in Resources */,
				2006CA2C1AF625870077CC1B /* battlestart6@2x.png in Resources */,
				2006CA2D1AF625870077CC1B /* battlestart7@2x.png in Resources */,
				204FBC861AF65C7400B5614F /* slime1@2x.png in Resources */,
				2006CA271AF625870077CC1B /* battlestart1@2x.png in Resources */,
				204FBC901AF7045400B5614F /* impact2@2x.png in Resources */,
				20FCA5D21AECF47B008E7018 /* warrior3@2x.png in Resources */,
				20FCA5CA1AECF46C008E7018 /* slime@2px.png in Resources */,
				204FBCA91AF717A600B5614F /* slash0@2x.png in Resources */,
				2006CA2A1AF625870077CC1B /* battlestart4@2x.png in Resources */,
				204FBC8E1AF7045400B5614F /* impact0@2x.png in Resources */,
				204FBC911AF7045400B5614F /* impact3@2x.png in Resources */,
				208C35B31AC82A34008F71CC /* WatchCardGame WatchKit App.app in Resources */,
				204FBCAC1AF717A600B5614F /* slash3@2x.png in Resources */,
				2006CA2B1AF625870077CC1B /* battlestart5@2x.png in Resources */,
				204FBCAA1AF717A600B5614F /* slash1@2x.png in Resources */,
				2006CA0C1AF5DECB0077CC1B /* slime0@2x.png in Resources */,
				20FCA5CF1AECF47B008E7018 /* warrior0@2x.png in Resources */,
				204FBC921AF7045400B5614F /* impact4@2x.png in Resources */,
				208C35AF1AC82A34008F71CC /* Images.xcassets in Resources */,
				20FCA5D01AECF47B008E7018 /* warrior1@2x.png in Resources */,
			);
			runOnlyForDeploymentPostprocessing = 0;
		};
		208C35B01AC82A34008F71CC /* Resources */ = {
			isa = PBXResourcesBuildPhase;
			buildActionMask = 2147483647;
			files = (
				208C35BB1AC82A34008F71CC /* Interface.storyboard in Resources */,
				20FCA5D41AECF48E008E7018 /* floor_bg@2x.png in Resources */,
				208C35BD1AC82A34008F71CC /* Images.xcassets in Resources */,
			);
			runOnlyForDeploymentPostprocessing = 0;
		};
/* End PBXResourcesBuildPhase section */

/* Begin PBXSourcesBuildPhase section */
		208C35781AC8295A008F71CC /* Sources */ = {
			isa = PBXSourcesBuildPhase;
			buildActionMask = 2147483647;
			files = (
				208C35841AC8295A008F71CC /* ViewController.swift in Sources */,
				208C35821AC8295A008F71CC /* AppDelegate.swift in Sources */,
			);
			runOnlyForDeploymentPostprocessing = 0;
		};
		208C358D1AC8295A008F71CC /* Sources */ = {
			isa = PBXSourcesBuildPhase;
			buildActionMask = 2147483647;
			files = (
				208C35981AC8295A008F71CC /* WatchCardGameTests.swift in Sources */,
			);
			runOnlyForDeploymentPostprocessing = 0;
		};
		208C35A11AC82A34008F71CC /* Sources */ = {
			isa = PBXSourcesBuildPhase;
			buildActionMask = 2147483647;
			files = (
				204FBC951AF704EC00B5614F /* Effect.swift in Sources */,
				2006CA081AF5CFF60077CC1B /* FloorManager.swift in Sources */,
				2089D0C11AED2FBE00517836 /* RouteUtil.swift in Sources */,
				2006D8B81AF0FCCD0071D41C /* Monster.swift in Sources */,
				2006CA061AF5B3CC0077CC1B /* GameMainSceneController.swift in Sources */,
				2089D0C31AED2FE500517836 /* DrawUtil.swift in Sources */,
				2006D8B11AF0DA410071D41C /* AvatarManager.swift in Sources */,
				204FBCA31AF7165C00B5614F /* SlashEffect.swift in Sources */,
				2089D0C51AED301300517836 /* Config.swift in Sources */,
				204FBC971AF7051800B5614F /* ImpactEffect.swift in Sources */,
				2006D8AE1AED42500071D41C /* TimerManager.swift in Sources */,
				2006D8BE1AF0FE390071D41C /* Warrior.swift in Sources */,
				2006D8BC1AF0FE180071D41C /* Hero.swift in Sources */,
				208C35AD1AC82A34008F71CC /* NotificationController.swift in Sources */,
				2006D8B61AF0FC630071D41C /* Avatar.swift in Sources */,
				2006D8BA1AF0FCFD0071D41C /* Slime.swift in Sources */,
				208C35AB1AC82A34008F71CC /* InterfaceController.swift in Sources */,
			);
			runOnlyForDeploymentPostprocessing = 0;
		};
/* End PBXSourcesBuildPhase section */

/* Begin PBXTargetDependency section */
		208C35931AC8295A008F71CC /* PBXTargetDependency */ = {
			isa = PBXTargetDependency;
			target = 208C357B1AC8295A008F71CC /* WatchCardGame */;
			targetProxy = 208C35921AC8295A008F71CC /* PBXContainerItemProxy */;
		};
		208C35B51AC82A34008F71CC /* PBXTargetDependency */ = {
			isa = PBXTargetDependency;
			target = 208C35B11AC82A34008F71CC /* WatchCardGame WatchKit App */;
			targetProxy = 208C35B41AC82A34008F71CC /* PBXContainerItemProxy */;
		};
		208C35BF1AC82A34008F71CC /* PBXTargetDependency */ = {
			isa = PBXTargetDependency;
			target = 208C35A41AC82A34008F71CC /* WatchCardGame WatchKit Extension */;
			targetProxy = 208C35BE1AC82A34008F71CC /* PBXContainerItemProxy */;
		};
/* End PBXTargetDependency section */

/* Begin PBXVariantGroup section */
		208C35851AC8295A008F71CC /* Main.storyboard */ = {
			isa = PBXVariantGroup;
			children = (
				208C35861AC8295A008F71CC /* Base */,
			);
			name = Main.storyboard;
			sourceTree = "<group>";
		};
		208C358A1AC8295A008F71CC /* LaunchScreen.xib */ = {
			isa = PBXVariantGroup;
			children = (
				208C358B1AC8295A008F71CC /* Base */,
			);
			name = LaunchScreen.xib;
			sourceTree = "<group>";
		};
		208C35B91AC82A34008F71CC /* Interface.storyboard */ = {
			isa = PBXVariantGroup;
			children = (
				208C35BA1AC82A34008F71CC /* Base */,
			);
			name = Interface.storyboard;
			sourceTree = "<group>";
		};
/* End PBXVariantGroup section */

/* Begin XCBuildConfiguration section */
		208C35991AC8295A008F71CC /* Debug */ = {
			isa = XCBuildConfiguration;
			buildSettings = {
				ALWAYS_SEARCH_USER_PATHS = NO;
				CLANG_CXX_LANGUAGE_STANDARD = "gnu++0x";
				CLANG_CXX_LIBRARY = "libc++";
				CLANG_ENABLE_MODULES = YES;
				CLANG_ENABLE_OBJC_ARC = YES;
				CLANG_WARN_BOOL_CONVERSION = YES;
				CLANG_WARN_CONSTANT_CONVERSION = YES;
				CLANG_WARN_DIRECT_OBJC_ISA_USAGE = YES_ERROR;
				CLANG_WARN_EMPTY_BODY = YES;
				CLANG_WARN_ENUM_CONVERSION = YES;
				CLANG_WARN_INT_CONVERSION = YES;
				CLANG_WARN_OBJC_ROOT_CLASS = YES_ERROR;
				CLANG_WARN_UNREACHABLE_CODE = YES;
				CLANG_WARN__DUPLICATE_METHOD_MATCH = YES;
				"CODE_SIGN_IDENTITY[sdk=iphoneos*]" = "iPhone Developer";
				COPY_PHASE_STRIP = NO;
				ENABLE_STRICT_OBJC_MSGSEND = YES;
				GCC_C_LANGUAGE_STANDARD = gnu99;
				GCC_DYNAMIC_NO_PIC = NO;
				GCC_OPTIMIZATION_LEVEL = 0;
				GCC_PREPROCESSOR_DEFINITIONS = (
					"DEBUG=1",
					"$(inherited)",
				);
				GCC_SYMBOLS_PRIVATE_EXTERN = NO;
				GCC_WARN_64_TO_32_BIT_CONVERSION = YES;
				GCC_WARN_ABOUT_RETURN_TYPE = YES_ERROR;
				GCC_WARN_UNDECLARED_SELECTOR = YES;
				GCC_WARN_UNINITIALIZED_AUTOS = YES_AGGRESSIVE;
				GCC_WARN_UNUSED_FUNCTION = YES;
				GCC_WARN_UNUSED_VARIABLE = YES;
				IPHONEOS_DEPLOYMENT_TARGET = 8.2;
				MTL_ENABLE_DEBUG_INFO = YES;
				ONLY_ACTIVE_ARCH = YES;
				SDKROOT = iphoneos;
				SWIFT_OPTIMIZATION_LEVEL = "-Onone";
			};
			name = Debug;
		};
		208C359A1AC8295A008F71CC /* Release */ = {
			isa = XCBuildConfiguration;
			buildSettings = {
				ALWAYS_SEARCH_USER_PATHS = NO;
				CLANG_CXX_LANGUAGE_STANDARD = "gnu++0x";
				CLANG_CXX_LIBRARY = "libc++";
				CLANG_ENABLE_MODULES = YES;
				CLANG_ENABLE_OBJC_ARC = YES;
				CLANG_WARN_BOOL_CONVERSION = YES;
				CLANG_WARN_CONSTANT_CONVERSION = YES;
				CLANG_WARN_DIRECT_OBJC_ISA_USAGE = YES_ERROR;
				CLANG_WARN_EMPTY_BODY = YES;
				CLANG_WARN_ENUM_CONVERSION = YES;
				CLANG_WARN_INT_CONVERSION = YES;
				CLANG_WARN_OBJC_ROOT_CLASS = YES_ERROR;
				CLANG_WARN_UNREACHABLE_CODE = YES;
				CLANG_WARN__DUPLICATE_METHOD_MATCH = YES;
				"CODE_SIGN_IDENTITY[sdk=iphoneos*]" = "iPhone Developer";
				COPY_PHASE_STRIP = NO;
				ENABLE_NS_ASSERTIONS = NO;
				ENABLE_STRICT_OBJC_MSGSEND = YES;
				GCC_C_LANGUAGE_STANDARD = gnu99;
				GCC_WARN_64_TO_32_BIT_CONVERSION = YES;
				GCC_WARN_ABOUT_RETURN_TYPE = YES_ERROR;
				GCC_WARN_UNDECLARED_SELECTOR = YES;
				GCC_WARN_UNINITIALIZED_AUTOS = YES_AGGRESSIVE;
				GCC_WARN_UNUSED_FUNCTION = YES;
				GCC_WARN_UNUSED_VARIABLE = YES;
				IPHONEOS_DEPLOYMENT_TARGET = 8.2;
				MTL_ENABLE_DEBUG_INFO = NO;
				SDKROOT = iphoneos;
				VALIDATE_PRODUCT = YES;
			};
			name = Release;
		};
		208C359C1AC8295A008F71CC /* Debug */ = {
			isa = XCBuildConfiguration;
			buildSettings = {
				ASSETCATALOG_COMPILER_APPICON_NAME = AppIcon;
				CODE_SIGN_IDENTITY = "iPhone Developer";
				"CODE_SIGN_IDENTITY[sdk=iphoneos*]" = "iPhone Developer";
				EMBEDDED_CONTENT_CONTAINS_SWIFT = YES;
				INFOPLIST_FILE = WatchCardGame/Info.plist;
				LD_RUNPATH_SEARCH_PATHS = "$(inherited) @executable_path/Frameworks";
				PRODUCT_NAME = "$(TARGET_NAME)";
				PROVISIONING_PROFILE = "";
			};
			name = Debug;
		};
		208C359D1AC8295A008F71CC /* Release */ = {
			isa = XCBuildConfiguration;
			buildSettings = {
				ASSETCATALOG_COMPILER_APPICON_NAME = AppIcon;
				CODE_SIGN_IDENTITY = "iPhone Developer";
				"CODE_SIGN_IDENTITY[sdk=iphoneos*]" = "iPhone Developer";
				EMBEDDED_CONTENT_CONTAINS_SWIFT = YES;
				INFOPLIST_FILE = WatchCardGame/Info.plist;
				LD_RUNPATH_SEARCH_PATHS = "$(inherited) @executable_path/Frameworks";
				PRODUCT_NAME = "$(TARGET_NAME)";
				PROVISIONING_PROFILE = "";
			};
			name = Release;
		};
		208C359F1AC8295A008F71CC /* Debug */ = {
			isa = XCBuildConfiguration;
			buildSettings = {
				BUNDLE_LOADER = "$(TEST_HOST)";
				FRAMEWORK_SEARCH_PATHS = (
					"$(SDKROOT)/Developer/Library/Frameworks",
					"$(inherited)",
				);
				GCC_PREPROCESSOR_DEFINITIONS = (
					"DEBUG=1",
					"$(inherited)",
				);
				INFOPLIST_FILE = WatchCardGameTests/Info.plist;
				LD_RUNPATH_SEARCH_PATHS = "$(inherited) @executable_path/Frameworks @loader_path/Frameworks";
				PRODUCT_NAME = "$(TARGET_NAME)";
				PROVISIONING_PROFILE = "f012ad9d-b9be-4dc9-8be9-b26bc0906903";
				TEST_HOST = "$(BUILT_PRODUCTS_DIR)/WatchCardGame.app/WatchCardGame";
			};
			name = Debug;
		};
		208C35A01AC8295A008F71CC /* Release */ = {
			isa = XCBuildConfiguration;
			buildSettings = {
				BUNDLE_LOADER = "$(TEST_HOST)";
				FRAMEWORK_SEARCH_PATHS = (
					"$(SDKROOT)/Developer/Library/Frameworks",
					"$(inherited)",
				);
				INFOPLIST_FILE = WatchCardGameTests/Info.plist;
				LD_RUNPATH_SEARCH_PATHS = "$(inherited) @executable_path/Frameworks @loader_path/Frameworks";
				PRODUCT_NAME = "$(TARGET_NAME)";
				PROVISIONING_PROFILE = "f012ad9d-b9be-4dc9-8be9-b26bc0906903";
				TEST_HOST = "$(BUILT_PRODUCTS_DIR)/WatchCardGame.app/WatchCardGame";
			};
			name = Release;
		};
		208C35C21AC82A35008F71CC /* Debug */ = {
			isa = XCBuildConfiguration;
			buildSettings = {
				ASSETCATALOG_COMPILER_APPICON_NAME = AppIcon;
				CODE_SIGN_IDENTITY = "iPhone Developer";
				"CODE_SIGN_IDENTITY[sdk=iphoneos*]" = "iPhone Developer";
				GCC_PREPROCESSOR_DEFINITIONS = (
					"DEBUG=1",
					"$(inherited)",
				);
				IBSC_MODULE = WatchCardGame_WatchKit_Extension;
				INFOPLIST_FILE = "WatchCardGame WatchKit App/Info.plist";
				PRODUCT_NAME = "$(TARGET_NAME)";
				PROVISIONING_PROFILE = "";
				SKIP_INSTALL = YES;
				TARGETED_DEVICE_FAMILY = 4;
				"TARGETED_DEVICE_FAMILY[sdk=iphonesimulator*]" = "1,4";
			};
			name = Debug;
		};
		208C35C31AC82A35008F71CC /* Release */ = {
			isa = XCBuildConfiguration;
			buildSettings = {
				ASSETCATALOG_COMPILER_APPICON_NAME = AppIcon;
				CODE_SIGN_IDENTITY = "iPhone Developer";
				"CODE_SIGN_IDENTITY[sdk=iphoneos*]" = "iPhone Developer";
				IBSC_MODULE = WatchCardGame_WatchKit_Extension;
				INFOPLIST_FILE = "WatchCardGame WatchKit App/Info.plist";
				PRODUCT_NAME = "$(TARGET_NAME)";
				PROVISIONING_PROFILE = "";
				SKIP_INSTALL = YES;
				TARGETED_DEVICE_FAMILY = 4;
				"TARGETED_DEVICE_FAMILY[sdk=iphonesimulator*]" = "1,4";
			};
			name = Release;
		};
		208C35C51AC82A35008F71CC /* Debug */ = {
			isa = XCBuildConfiguration;
			buildSettings = {
				CODE_SIGN_IDENTITY = "iPhone Developer";
				"CODE_SIGN_IDENTITY[sdk=iphoneos*]" = "iPhone Developer";
				GCC_PREPROCESSOR_DEFINITIONS = (
					"DEBUG=1",
					"$(inherited)",
				);
				INFOPLIST_FILE = "WatchCardGame WatchKit Extension/Info.plist";
				LD_RUNPATH_SEARCH_PATHS = "$(inherited) @executable_path/Frameworks @executable_path/../../Frameworks";
				PRODUCT_NAME = "${TARGET_NAME}";
				PROVISIONING_PROFILE = "";
				SKIP_INSTALL = YES;
			};
			name = Debug;
		};
		208C35C61AC82A35008F71CC /* Release */ = {
			isa = XCBuildConfiguration;
			buildSettings = {
				CODE_SIGN_IDENTITY = "iPhone Developer";
				"CODE_SIGN_IDENTITY[sdk=iphoneos*]" = "iPhone Developer";
				INFOPLIST_FILE = "WatchCardGame WatchKit Extension/Info.plist";
				LD_RUNPATH_SEARCH_PATHS = "$(inherited) @executable_path/Frameworks @executable_path/../../Frameworks";
				PRODUCT_NAME = "${TARGET_NAME}";
				PROVISIONING_PROFILE = "";
				SKIP_INSTALL = YES;
			};
			name = Release;
		};
/* End XCBuildConfiguration section */

/* Begin XCConfigurationList section */
		208C35771AC8295A008F71CC /* Build configuration list for PBXProject "WatchCardGame" */ = {
			isa = XCConfigurationList;
			buildConfigurations = (
				208C35991AC8295A008F71CC /* Debug */,
				208C359A1AC8295A008F71CC /* Release */,
			);
			defaultConfigurationIsVisible = 0;
			defaultConfigurationName = Release;
		};
		208C359B1AC8295A008F71CC /* Build configuration list for PBXNativeTarget "WatchCardGame" */ = {
			isa = XCConfigurationList;
			buildConfigurations = (
				208C359C1AC8295A008F71CC /* Debug */,
				208C359D1AC8295A008F71CC /* Release */,
			);
			defaultConfigurationIsVisible = 0;
			defaultConfigurationName = Release;
		};
		208C359E1AC8295A008F71CC /* Build configuration list for PBXNativeTarget "WatchCardGameTests" */ = {
			isa = XCConfigurationList;
			buildConfigurations = (
				208C359F1AC8295A008F71CC /* Debug */,
				208C35A01AC8295A008F71CC /* Release */,
			);
			defaultConfigurationIsVisible = 0;
			defaultConfigurationName = Release;
		};
		208C35C11AC82A35008F71CC /* Build configuration list for PBXNativeTarget "WatchCardGame WatchKit App" */ = {
			isa = XCConfigurationList;
			buildConfigurations = (
				208C35C21AC82A35008F71CC /* Debug */,
				208C35C31AC82A35008F71CC /* Release */,
			);
			defaultConfigurationIsVisible = 0;
			defaultConfigurationName = Release;
		};
		208C35C41AC82A35008F71CC /* Build configuration list for PBXNativeTarget "WatchCardGame WatchKit Extension" */ = {
			isa = XCConfigurationList;
			buildConfigurations = (
				208C35C51AC82A35008F71CC /* Debug */,
				208C35C61AC82A35008F71CC /* Release */,
			);
			defaultConfigurationIsVisible = 0;
			defaultConfigurationName = Release;
		};
/* End XCConfigurationList section */
	};
	rootObject = 208C35741AC8295A008F71CC /* Project object */;
}
